
Microsoft Visual Studio Solution File, Format Version 12.00
# Visual Studio 15
VisualStudioVersion = 15.0.27703.2026
MinimumVisualStudioVersion = 10.0.40219.1
Project("{FAE04EC0-301F-11D3-BF4B-00C04F79EFBC}") = "Blitz.Lib.SqlHelper", "Blitz.Lib.SqlHelper\Blitz.Lib.SqlHelper.csproj", "{2AEED849-6BAB-4440-B005-8989785695A4}"
EndProject
Project("{FAE04EC0-301F-11D3-BF4B-00C04F79EFBC}") = "Blitz.Lib.SqlHelper.Test", "Blitz.Lib.SqlHelper.Test\Blitz.Lib.SqlHelper.Test.csproj", "{08AE438A-C97C-4168-A474-45B2E96B9091}"
EndProject
Global
	GlobalSection(SolutionConfigurationPlatforms) = preSolution
		Debug|Any CPU = Debug|Any CPU
		Release|Any CPU = Release|Any CPU
	EndGlobalSection
	GlobalSection(ProjectConfigurationPlatforms) = postSolution
		{2AEED849-6BAB-4440-B005-8989785695A4}.Debug|Any CPU.ActiveCfg = Debug|Any CPU
		{2AEED849-6BAB-4440-B005-8989785695A4}.Debug|Any CPU.Build.0 = Debug|Any CPU
		{2AEED849-6BAB-4440-B005-8989785695A4}.Release|Any CPU.ActiveCfg = Release|Any CPU
		{2AEED849-6BAB-4440-B005-8989785695A4}.Release|Any CPU.Build.0 = Release|Any CPU
		{08AE438A-C97C-4168-A474-45B2E96B9091}.Debug|Any CPU.ActiveCfg = Debug|Any CPU
		{08AE438A-C97C-4168-A474-45B2E96B9091}.Debug|Any CPU.Build.0 = Debug|Any CPU
		{08AE438A-C97C-4168-A474-45B2E96B9091}.Release|Any CPU.ActiveCfg = Release|Any CPU
		{08AE438A-C97C-4168-A474-45B2E96B9091}.Release|Any CPU.Build.0 = Release|Any CPU
	EndGlobalSection
	GlobalSection(SolutionProperties) = preSolution
		HideSolutionNode = FALSE
	EndGlobalSection
	GlobalSection(ExtensibilityGlobals) = postSolution
		SolutionGuid = {CB0974A8-FA5B-4263-A6CB-2FEE6F926770}
	EndGlobalSection
EndGlobal
